
Microsoft Visual Studio Solution File, Format Version 12.00
# Visual Studio Version 17
VisualStudioVersion = 17.4.33205.214
MinimumVisualStudioVersion = 10.0.40219.1
Project("{9A19103F-16F7-4668-BE54-9A1E7A4F7556}") = "KnowledgeBaseManager", "knowledge-base-manager\KnowledgeBaseManager.csproj", "{9873F2DE-2B06-478B-8FC0-674BBD058D37}"
EndProject
Project("{FAE04EC0-301F-11D3-BF4B-00C04F79EFBC}") = "ChatGPTInterface", "ChatGPTInterface\ChatGPTInterface.csproj", "{C98817E6-2570-4BA7-8004-B0962D6E2261}"
EndProject
Project("{FAE04EC0-301F-11D3-BF4B-00C04F79EFBC}") = "SemanticSearch", "SemanticSearch\SemanticSearch.csproj", "{FF367176-D847-43FA-9DAB-C513CDCA2118}"
EndProject
Global
	GlobalSection(SolutionConfigurationPlatforms) = preSolution
		Debug|Any CPU = Debug|Any CPU
		Release|Any CPU = Release|Any CPU
	EndGlobalSection
	GlobalSection(ProjectConfigurationPlatforms) = postSolution
		{9873F2DE-2B06-478B-8FC0-674BBD058D37}.Debug|Any CPU.ActiveCfg = Debug|Any CPU
		{9873F2DE-2B06-478B-8FC0-674BBD058D37}.Debug|Any CPU.Build.0 = Debug|Any CPU
		{9873F2DE-2B06-478B-8FC0-674BBD058D37}.Release|Any CPU.ActiveCfg = Release|Any CPU
		{9873F2DE-2B06-478B-8FC0-674BBD058D37}.Release|Any CPU.Build.0 = Release|Any CPU
		{C98817E6-2570-4BA7-8004-B0962D6E2261}.Debug|Any CPU.ActiveCfg = Debug|Any CPU
		{C98817E6-2570-4BA7-8004-B0962D6E2261}.Debug|Any CPU.Build.0 = Debug|Any CPU
		{C98817E6-2570-4BA7-8004-B0962D6E2261}.Release|Any CPU.ActiveCfg = Release|Any CPU
		{C98817E6-2570-4BA7-8004-B0962D6E2261}.Release|Any CPU.Build.0 = Release|Any CPU
		{FF367176-D847-43FA-9DAB-C513CDCA2118}.Debug|Any CPU.ActiveCfg = Debug|Any CPU
		{FF367176-D847-43FA-9DAB-C513CDCA2118}.Debug|Any CPU.Build.0 = Debug|Any CPU
		{FF367176-D847-43FA-9DAB-C513CDCA2118}.Release|Any CPU.ActiveCfg = Release|Any CPU
		{FF367176-D847-43FA-9DAB-C513CDCA2118}.Release|Any CPU.Build.0 = Release|Any CPU
	EndGlobalSection
	GlobalSection(SolutionProperties) = preSolution
		HideSolutionNode = FALSE
	EndGlobalSection
	GlobalSection(ExtensibilityGlobals) = postSolution
		SolutionGuid = {AC8FB430-4682-418B-877D-0382CEE13E13}
	EndGlobalSection
EndGlobal
